
Microsoft Visual Studio Solution File, Format Version 12.00
# Visual Studio Version 16
VisualStudioVersion = 16.0.31410.357
MinimumVisualStudioVersion = 10.0.40219.1
Project("{FAE04EC0-301F-11D3-BF4B-00C04F79EFBC}") = "SalesmanCore", "SalesmanCore\SalesmanCore.csproj", "{1024DA70-C2E0-4A4A-926D-E8458DC62EA0}"
EndProject
Project("{FAE04EC0-301F-11D3-BF4B-00C04F79EFBC}") = "SalesmanCore.DataAccess", "SalesmanCore.DataAccess\SalesmanCore.DataAccess.csproj", "{45686B37-6618-4A87-B5E8-9DC0826854D3}"
EndProject
Global
	GlobalSection(SolutionConfigurationPlatforms) = preSolution
		Debug|Any CPU = Debug|Any CPU
		Release|Any CPU = Release|Any CPU
	EndGlobalSection
	GlobalSection(ProjectConfigurationPlatforms) = postSolution
		{1024DA70-C2E0-4A4A-926D-E8458DC62EA0}.Debug|Any CPU.ActiveCfg = Debug|Any CPU
		{1024DA70-C2E0-4A4A-926D-E8458DC62EA0}.Debug|Any CPU.Build.0 = Debug|Any CPU
		{1024DA70-C2E0-4A4A-926D-E8458DC62EA0}.Release|Any CPU.ActiveCfg = Release|Any CPU
		{1024DA70-C2E0-4A4A-926D-E8458DC62EA0}.Release|Any CPU.Build.0 = Release|Any CPU
		{45686B37-6618-4A87-B5E8-9DC0826854D3}.Debug|Any CPU.ActiveCfg = Debug|Any CPU
		{45686B37-6618-4A87-B5E8-9DC0826854D3}.Debug|Any CPU.Build.0 = Debug|Any CPU
		{45686B37-6618-4A87-B5E8-9DC0826854D3}.Release|Any CPU.ActiveCfg = Release|Any CPU
		{45686B37-6618-4A87-B5E8-9DC0826854D3}.Release|Any CPU.Build.0 = Release|Any CPU
	EndGlobalSection
	GlobalSection(SolutionProperties) = preSolution
		HideSolutionNode = FALSE
	EndGlobalSection
	GlobalSection(ExtensibilityGlobals) = postSolution
		SolutionGuid = {A6092403-0A4A-44B6-BF58-764BCC767898}
	EndGlobalSection
EndGlobal
